
Microsoft Visual Studio Solution File, Format Version 12.00
# Visual Studio Version 16
VisualStudioVersion = 16.0.29411.138
MinimumVisualStudioVersion = 10.0.40219.1
Project("{FAE04EC0-301F-11D3-BF4B-00C04F79EFBC}") = "LibraProgramming.Game.Towers", "source\LibraProgramming.Game.Towers\LibraProgramming.Game.Towers.csproj", "{6C150588-74F5-4C15-89F6-A51712F06969}"
EndProject
Project("{2150E333-8FDC-42A3-9474-1A3956D46DE8}") = "Solution Items", "Solution Items", "{A6C002E1-4F91-481D-8A78-57E496E71B78}"
	ProjectSection(SolutionItems) = preProject
		README.md = README.md
	EndProjectSection
EndProject
Project("{2150E333-8FDC-42A3-9474-1A3956D46DE8}") = "sources", "sources", "{1120ABFF-052F-486B-9184-7424695DC847}"
EndProject
Project("{FAE04EC0-301F-11D3-BF4B-00C04F79EFBC}") = "LibraProgramming.Dependency.Container", "source\LibraProgramming.Dependency.Container\LibraProgramming.Dependency.Container.csproj", "{C3154038-9CE5-47D3-80DA-93E9E792624A}"
EndProject
Project("{FAE04EC0-301F-11D3-BF4B-00C04F79EFBC}") = "LibraProgramming.Ecs", "source\LibraProgramming.Ecs\LibraProgramming.Ecs.csproj", "{D68B4773-42EF-4B3B-A805-B722ECFF7AA1}"
EndProject
Project("{FAE04EC0-301F-11D3-BF4B-00C04F79EFBC}") = "Tests", "Tests\Tests.csproj", "{44F29934-E7BD-4607-99BB-278E91B09D05}"
EndProject
Global
	GlobalSection(SolutionConfigurationPlatforms) = preSolution
		Debug|Any CPU = Debug|Any CPU
		Debug|ARM = Debug|ARM
		Debug|ARM64 = Debug|ARM64
		Debug|x64 = Debug|x64
		Debug|x86 = Debug|x86
		Release|Any CPU = Release|Any CPU
		Release|ARM = Release|ARM
		Release|ARM64 = Release|ARM64
		Release|x64 = Release|x64
		Release|x86 = Release|x86
	EndGlobalSection
	GlobalSection(ProjectConfigurationPlatforms) = postSolution
		{6C150588-74F5-4C15-89F6-A51712F06969}.Debug|Any CPU.ActiveCfg = Debug|x86
		{6C150588-74F5-4C15-89F6-A51712F06969}.Debug|ARM.ActiveCfg = Debug|ARM
		{6C150588-74F5-4C15-89F6-A51712F06969}.Debug|ARM.Build.0 = Debug|ARM
		{6C150588-74F5-4C15-89F6-A51712F06969}.Debug|ARM.Deploy.0 = Debug|ARM
		{6C150588-74F5-4C15-89F6-A51712F06969}.Debug|ARM64.ActiveCfg = Debug|ARM64
		{6C150588-74F5-4C15-89F6-A51712F06969}.Debug|ARM64.Build.0 = Debug|ARM64
		{6C150588-74F5-4C15-89F6-A51712F06969}.Debug|ARM64.Deploy.0 = Debug|ARM64
		{6C150588-74F5-4C15-89F6-A51712F06969}.Debug|x64.ActiveCfg = Debug|x64
		{6C150588-74F5-4C15-89F6-A51712F06969}.Debug|x64.Build.0 = Debug|x64
		{6C150588-74F5-4C15-89F6-A51712F06969}.Debug|x64.Deploy.0 = Debug|x64
		{6C150588-74F5-4C15-89F6-A51712F06969}.Debug|x86.ActiveCfg = Debug|x86
		{6C150588-74F5-4C15-89F6-A51712F06969}.Debug|x86.Build.0 = Debug|x86
		{6C150588-74F5-4C15-89F6-A51712F06969}.Debug|x86.Deploy.0 = Debug|x86
		{6C150588-74F5-4C15-89F6-A51712F06969}.Release|Any CPU.ActiveCfg = Release|x86
		{6C150588-74F5-4C15-89F6-A51712F06969}.Release|ARM.ActiveCfg = Release|ARM
		{6C150588-74F5-4C15-89F6-A51712F06969}.Release|ARM.Build.0 = Release|ARM
		{6C150588-74F5-4C15-89F6-A51712F06969}.Release|ARM.Deploy.0 = Release|ARM
		{6C150588-74F5-4C15-89F6-A51712F06969}.Release|ARM64.ActiveCfg = Release|ARM64
		{6C150588-74F5-4C15-89F6-A51712F06969}.Release|ARM64.Build.0 = Release|ARM64
		{6C150588-74F5-4C15-89F6-A51712F06969}.Release|ARM64.Deploy.0 = Release|ARM64
		{6C150588-74F5-4C15-89F6-A51712F06969}.Release|x64.ActiveCfg = Release|x64
		{6C150588-74F5-4C15-89F6-A51712F06969}.Release|x64.Build.0 = Release|x64
		{6C150588-74F5-4C15-89F6-A51712F06969}.Release|x64.Deploy.0 = Release|x64
		{6C150588-74F5-4C15-89F6-A51712F06969}.Release|x86.ActiveCfg = Release|x86
		{6C150588-74F5-4C15-89F6-A51712F06969}.Release|x86.Build.0 = Release|x86
		{6C150588-74F5-4C15-89F6-A51712F06969}.Release|x86.Deploy.0 = Release|x86
		{C3154038-9CE5-47D3-80DA-93E9E792624A}.Debug|Any CPU.ActiveCfg = Debug|Any CPU
		{C3154038-9CE5-47D3-80DA-93E9E792624A}.Debug|Any CPU.Build.0 = Debug|Any CPU
		{C3154038-9CE5-47D3-80DA-93E9E792624A}.Debug|ARM.ActiveCfg = Debug|Any CPU
		{C3154038-9CE5-47D3-80DA-93E9E792624A}.Debug|ARM.Build.0 = Debug|Any CPU
		{C3154038-9CE5-47D3-80DA-93E9E792624A}.Debug|ARM64.ActiveCfg = Debug|Any CPU
		{C3154038-9CE5-47D3-80DA-93E9E792624A}.Debug|ARM64.Build.0 = Debug|Any CPU
		{C3154038-9CE5-47D3-80DA-93E9E792624A}.Debug|x64.ActiveCfg = Debug|Any CPU
		{C3154038-9CE5-47D3-80DA-93E9E792624A}.Debug|x64.Build.0 = Debug|Any CPU
		{C3154038-9CE5-47D3-80DA-93E9E792624A}.Debug|x86.ActiveCfg = Debug|Any CPU
		{C3154038-9CE5-47D3-80DA-93E9E792624A}.Debug|x86.Build.0 = Debug|Any CPU
		{C3154038-9CE5-47D3-80DA-93E9E792624A}.Release|Any CPU.ActiveCfg = Release|Any CPU
		{C3154038-9CE5-47D3-80DA-93E9E792624A}.Release|Any CPU.Build.0 = Release|Any CPU
		{C3154038-9CE5-47D3-80DA-93E9E792624A}.Release|ARM.ActiveCfg = Release|Any CPU
		{C3154038-9CE5-47D3-80DA-93E9E792624A}.Release|ARM.Build.0 = Release|Any CPU
		{C3154038-9CE5-47D3-80DA-93E9E792624A}.Release|ARM64.ActiveCfg = Release|Any CPU
		{C3154038-9CE5-47D3-80DA-93E9E792624A}.Release|ARM64.Build.0 = Release|Any CPU
		{C3154038-9CE5-47D3-80DA-93E9E792624A}.Release|x64.ActiveCfg = Release|Any CPU
		{C3154038-9CE5-47D3-80DA-93E9E792624A}.Release|x64.Build.0 = Release|Any CPU
		{C3154038-9CE5-47D3-80DA-93E9E792624A}.Release|x86.ActiveCfg = Release|Any CPU
		{C3154038-9CE5-47D3-80DA-93E9E792624A}.Release|x86.Build.0 = Release|Any CPU
		{D68B4773-42EF-4B3B-A805-B722ECFF7AA1}.Debug|Any CPU.ActiveCfg = Debug|Any CPU
		{D68B4773-42EF-4B3B-A805-B722ECFF7AA1}.Debug|Any CPU.Build.0 = Debug|Any CPU
		{D68B4773-42EF-4B3B-A805-B722ECFF7AA1}.Debug|ARM.ActiveCfg = Debug|Any CPU
		{D68B4773-42EF-4B3B-A805-B722ECFF7AA1}.Debug|ARM.Build.0 = Debug|Any CPU
		{D68B4773-42EF-4B3B-A805-B722ECFF7AA1}.Debug|ARM64.ActiveCfg = Debug|Any CPU
		{D68B4773-42EF-4B3B-A805-B722ECFF7AA1}.Debug|ARM64.Build.0 = Debug|Any CPU
		{D68B4773-42EF-4B3B-A805-B722ECFF7AA1}.Debug|x64.ActiveCfg = Debug|Any CPU
		{D68B4773-42EF-4B3B-A805-B722ECFF7AA1}.Debug|x64.Build.0 = Debug|Any CPU
		{D68B4773-42EF-4B3B-A805-B722ECFF7AA1}.Debug|x86.ActiveCfg = Debug|Any CPU
		{D68B4773-42EF-4B3B-A805-B722ECFF7AA1}.Debug|x86.Build.0 = Debug|Any CPU
		{D68B4773-42EF-4B3B-A805-B722ECFF7AA1}.Release|Any CPU.ActiveCfg = Release|Any CPU
		{D68B4773-42EF-4B3B-A805-B722ECFF7AA1}.Release|Any CPU.Build.0 = Release|Any CPU
		{D68B4773-42EF-4B3B-A805-B722ECFF7AA1}.Release|ARM.ActiveCfg = Release|Any CPU
		{D68B4773-42EF-4B3B-A805-B722ECFF7AA1}.Release|ARM.Build.0 = Release|Any CPU
		{D68B4773-42EF-4B3B-A805-B722ECFF7AA1}.Release|ARM64.ActiveCfg = Release|Any CPU
		{D68B4773-42EF-4B3B-A805-B722ECFF7AA1}.Release|ARM64.Build.0 = Release|Any CPU
		{D68B4773-42EF-4B3B-A805-B722ECFF7AA1}.Release|x64.ActiveCfg = Release|Any CPU
		{D68B4773-42EF-4B3B-A805-B722ECFF7AA1}.Release|x64.Build.0 = Release|Any CPU
		{D68B4773-42EF-4B3B-A805-B722ECFF7AA1}.Release|x86.ActiveCfg = Release|Any CPU
		{D68B4773-42EF-4B3B-A805-B722ECFF7AA1}.Release|x86.Build.0 = Release|Any CPU
		{44F29934-E7BD-4607-99BB-278E91B09D05}.Debug|Any CPU.ActiveCfg = Debug|Any CPU
		{44F29934-E7BD-4607-99BB-278E91B09D05}.Debug|Any CPU.Build.0 = Debug|Any CPU
		{44F29934-E7BD-4607-99BB-278E91B09D05}.Debug|ARM.ActiveCfg = Debug|Any CPU
		{44F29934-E7BD-4607-99BB-278E91B09D05}.Debug|ARM.Build.0 = Debug|Any CPU
		{44F29934-E7BD-4607-99BB-278E91B09D05}.Debug|ARM64.ActiveCfg = Debug|Any CPU
		{44F29934-E7BD-4607-99BB-278E91B09D05}.Debug|ARM64.Build.0 = Debug|Any CPU
		{44F29934-E7BD-4607-99BB-278E91B09D05}.Debug|x64.ActiveCfg = Debug|Any CPU
		{44F29934-E7BD-4607-99BB-278E91B09D05}.Debug|x64.Build.0 = Debug|Any CPU
		{44F29934-E7BD-4607-99BB-278E91B09D05}.Debug|x86.ActiveCfg = Debug|Any CPU
		{44F29934-E7BD-4607-99BB-278E91B09D05}.Debug|x86.Build.0 = Debug|Any CPU
		{44F29934-E7BD-4607-99BB-278E91B09D05}.Release|Any CPU.ActiveCfg = Release|Any CPU
		{44F29934-E7BD-4607-99BB-278E91B09D05}.Release|Any CPU.Build.0 = Release|Any CPU
		{44F29934-E7BD-4607-99BB-278E91B09D05}.Release|ARM.ActiveCfg = Release|Any CPU
		{44F29934-E7BD-4607-99BB-278E91B09D05}.Release|ARM.Build.0 = Release|Any CPU
		{44F29934-E7BD-4607-99BB-278E91B09D05}.Release|ARM64.ActiveCfg = Release|Any CPU
		{44F29934-E7BD-4607-99BB-278E91B09D05}.Release|ARM64.Build.0 = Release|Any CPU
		{44F29934-E7BD-4607-99BB-278E91B09D05}.Release|x64.ActiveCfg = Release|Any CPU
		{44F29934-E7BD-4607-99BB-278E91B09D05}.Release|x64.Build.0 = Release|Any CPU
		{44F29934-E7BD-4607-99BB-278E91B09D05}.Release|x86.ActiveCfg = Release|Any CPU
		{44F29934-E7BD-4607-99BB-278E91B09D05}.Release|x86.Build.0 = Release|Any CPU
	EndGlobalSection
	GlobalSection(SolutionProperties) = preSolution
		HideSolutionNode = FALSE
	EndGlobalSection
	GlobalSection(NestedProjects) = preSolution
		{6C150588-74F5-4C15-89F6-A51712F06969} = {1120ABFF-052F-486B-9184-7424695DC847}
		{C3154038-9CE5-47D3-80DA-93E9E792624A} = {1120ABFF-052F-486B-9184-7424695DC847}
		{D68B4773-42EF-4B3B-A805-B722ECFF7AA1} = {1120ABFF-052F-486B-9184-7424695DC847}
	EndGlobalSection
	GlobalSection(ExtensibilityGlobals) = postSolution
		SolutionGuid = {E3E357E1-6291-48D6-A60E-120C6AEA6760}
	EndGlobalSection
EndGlobal
