
Microsoft Visual Studio Solution File, Format Version 12.00
# Visual Studio Version 16
VisualStudioVersion = 16.0.29411.138
MinimumVisualStudioVersion = 10.0.40219.1
Project("{FAE04EC0-301F-11D3-BF4B-00C04F79EFBC}") = "LibraProgramming.Game.Towers", "source\LibraProgramming.Game.Towers\LibraProgramming.Game.Towers.csproj", "{6C150588-74F5-4C15-89F6-A51712F06969}"
EndProject
Project("{FAE04EC0-301F-11D3-BF4B-00C04F79EFBC}") = "LibraProgramming.Dependency.Container", "source\LibraProgramming.Dependency.Container\LibraProgramming.Dependency.Container.csproj", "{5126E1A8-3163-4241-A387-118C64DC2C00}"
EndProject
Project("{FAE04EC0-301F-11D3-BF4B-00C04F79EFBC}") = "LibraProgramming.Ecs", "source\LibraProgramming.Ecs\LibraProgramming.Ecs.csproj", "{C71D1819-8DEC-4BCF-8374-18A8AB38BD37}"
EndProject
Project("{2150E333-8FDC-42A3-9474-1A3956D46DE8}") = "Solution Items", "Solution Items", "{A6C002E1-4F91-481D-8A78-57E496E71B78}"
	ProjectSection(SolutionItems) = preProject
		README.md = README.md
	EndProjectSection
EndProject
Project("{2150E333-8FDC-42A3-9474-1A3956D46DE8}") = "sources", "sources", "{1120ABFF-052F-486B-9184-7424695DC847}"
EndProject
Project("{FAE04EC0-301F-11D3-BF4B-00C04F79EFBC}") = "UnitTestProject2", "UnitTestProject2\UnitTestProject2.csproj", "{E425F32D-E7DA-44B3-9D9F-9FCEF68D7D41}"
EndProject
Global
	GlobalSection(SolutionConfigurationPlatforms) = preSolution
		Debug|Any CPU = Debug|Any CPU
		Debug|ARM = Debug|ARM
		Debug|ARM64 = Debug|ARM64
		Debug|x64 = Debug|x64
		Debug|x86 = Debug|x86
		Release|Any CPU = Release|Any CPU
		Release|ARM = Release|ARM
		Release|ARM64 = Release|ARM64
		Release|x64 = Release|x64
		Release|x86 = Release|x86
	EndGlobalSection
	GlobalSection(ProjectConfigurationPlatforms) = postSolution
		{6C150588-74F5-4C15-89F6-A51712F06969}.Debug|Any CPU.ActiveCfg = Debug|x86
		{6C150588-74F5-4C15-89F6-A51712F06969}.Debug|ARM.ActiveCfg = Debug|ARM
		{6C150588-74F5-4C15-89F6-A51712F06969}.Debug|ARM.Build.0 = Debug|ARM
		{6C150588-74F5-4C15-89F6-A51712F06969}.Debug|ARM.Deploy.0 = Debug|ARM
		{6C150588-74F5-4C15-89F6-A51712F06969}.Debug|ARM64.ActiveCfg = Debug|ARM64
		{6C150588-74F5-4C15-89F6-A51712F06969}.Debug|ARM64.Build.0 = Debug|ARM64
		{6C150588-74F5-4C15-89F6-A51712F06969}.Debug|ARM64.Deploy.0 = Debug|ARM64
		{6C150588-74F5-4C15-89F6-A51712F06969}.Debug|x64.ActiveCfg = Debug|x64
		{6C150588-74F5-4C15-89F6-A51712F06969}.Debug|x64.Build.0 = Debug|x64
		{6C150588-74F5-4C15-89F6-A51712F06969}.Debug|x64.Deploy.0 = Debug|x64
		{6C150588-74F5-4C15-89F6-A51712F06969}.Debug|x86.ActiveCfg = Debug|x86
		{6C150588-74F5-4C15-89F6-A51712F06969}.Debug|x86.Build.0 = Debug|x86
		{6C150588-74F5-4C15-89F6-A51712F06969}.Debug|x86.Deploy.0 = Debug|x86
		{6C150588-74F5-4C15-89F6-A51712F06969}.Release|Any CPU.ActiveCfg = Release|x86
		{6C150588-74F5-4C15-89F6-A51712F06969}.Release|ARM.ActiveCfg = Release|ARM
		{6C150588-74F5-4C15-89F6-A51712F06969}.Release|ARM.Build.0 = Release|ARM
		{6C150588-74F5-4C15-89F6-A51712F06969}.Release|ARM.Deploy.0 = Release|ARM
		{6C150588-74F5-4C15-89F6-A51712F06969}.Release|ARM64.ActiveCfg = Release|ARM64
		{6C150588-74F5-4C15-89F6-A51712F06969}.Release|ARM64.Build.0 = Release|ARM64
		{6C150588-74F5-4C15-89F6-A51712F06969}.Release|ARM64.Deploy.0 = Release|ARM64
		{6C150588-74F5-4C15-89F6-A51712F06969}.Release|x64.ActiveCfg = Release|x64
		{6C150588-74F5-4C15-89F6-A51712F06969}.Release|x64.Build.0 = Release|x64
		{6C150588-74F5-4C15-89F6-A51712F06969}.Release|x64.Deploy.0 = Release|x64
		{6C150588-74F5-4C15-89F6-A51712F06969}.Release|x86.ActiveCfg = Release|x86
		{6C150588-74F5-4C15-89F6-A51712F06969}.Release|x86.Build.0 = Release|x86
		{6C150588-74F5-4C15-89F6-A51712F06969}.Release|x86.Deploy.0 = Release|x86
		{5126E1A8-3163-4241-A387-118C64DC2C00}.Debug|Any CPU.ActiveCfg = Debug|Any CPU
		{5126E1A8-3163-4241-A387-118C64DC2C00}.Debug|Any CPU.Build.0 = Debug|Any CPU
		{5126E1A8-3163-4241-A387-118C64DC2C00}.Debug|ARM.ActiveCfg = Debug|ARM
		{5126E1A8-3163-4241-A387-118C64DC2C00}.Debug|ARM.Build.0 = Debug|ARM
		{5126E1A8-3163-4241-A387-118C64DC2C00}.Debug|ARM64.ActiveCfg = Debug|ARM64
		{5126E1A8-3163-4241-A387-118C64DC2C00}.Debug|ARM64.Build.0 = Debug|ARM64
		{5126E1A8-3163-4241-A387-118C64DC2C00}.Debug|x64.ActiveCfg = Debug|x64
		{5126E1A8-3163-4241-A387-118C64DC2C00}.Debug|x64.Build.0 = Debug|x64
		{5126E1A8-3163-4241-A387-118C64DC2C00}.Debug|x86.ActiveCfg = Debug|x86
		{5126E1A8-3163-4241-A387-118C64DC2C00}.Debug|x86.Build.0 = Debug|x86
		{5126E1A8-3163-4241-A387-118C64DC2C00}.Release|Any CPU.ActiveCfg = Release|Any CPU
		{5126E1A8-3163-4241-A387-118C64DC2C00}.Release|Any CPU.Build.0 = Release|Any CPU
		{5126E1A8-3163-4241-A387-118C64DC2C00}.Release|ARM.ActiveCfg = Release|ARM
		{5126E1A8-3163-4241-A387-118C64DC2C00}.Release|ARM.Build.0 = Release|ARM
		{5126E1A8-3163-4241-A387-118C64DC2C00}.Release|ARM64.ActiveCfg = Release|ARM64
		{5126E1A8-3163-4241-A387-118C64DC2C00}.Release|ARM64.Build.0 = Release|ARM64
		{5126E1A8-3163-4241-A387-118C64DC2C00}.Release|x64.ActiveCfg = Release|x64
		{5126E1A8-3163-4241-A387-118C64DC2C00}.Release|x64.Build.0 = Release|x64
		{5126E1A8-3163-4241-A387-118C64DC2C00}.Release|x86.ActiveCfg = Release|x86
		{5126E1A8-3163-4241-A387-118C64DC2C00}.Release|x86.Build.0 = Release|x86
		{C71D1819-8DEC-4BCF-8374-18A8AB38BD37}.Debug|Any CPU.ActiveCfg = Debug|Any CPU
		{C71D1819-8DEC-4BCF-8374-18A8AB38BD37}.Debug|Any CPU.Build.0 = Debug|Any CPU
		{C71D1819-8DEC-4BCF-8374-18A8AB38BD37}.Debug|ARM.ActiveCfg = Debug|ARM
		{C71D1819-8DEC-4BCF-8374-18A8AB38BD37}.Debug|ARM.Build.0 = Debug|ARM
		{C71D1819-8DEC-4BCF-8374-18A8AB38BD37}.Debug|ARM64.ActiveCfg = Debug|ARM64
		{C71D1819-8DEC-4BCF-8374-18A8AB38BD37}.Debug|ARM64.Build.0 = Debug|ARM64
		{C71D1819-8DEC-4BCF-8374-18A8AB38BD37}.Debug|x64.ActiveCfg = Debug|x64
		{C71D1819-8DEC-4BCF-8374-18A8AB38BD37}.Debug|x64.Build.0 = Debug|x64
		{C71D1819-8DEC-4BCF-8374-18A8AB38BD37}.Debug|x86.ActiveCfg = Debug|x86
		{C71D1819-8DEC-4BCF-8374-18A8AB38BD37}.Debug|x86.Build.0 = Debug|x86
		{C71D1819-8DEC-4BCF-8374-18A8AB38BD37}.Release|Any CPU.ActiveCfg = Release|Any CPU
		{C71D1819-8DEC-4BCF-8374-18A8AB38BD37}.Release|Any CPU.Build.0 = Release|Any CPU
		{C71D1819-8DEC-4BCF-8374-18A8AB38BD37}.Release|ARM.ActiveCfg = Release|ARM
		{C71D1819-8DEC-4BCF-8374-18A8AB38BD37}.Release|ARM.Build.0 = Release|ARM
		{C71D1819-8DEC-4BCF-8374-18A8AB38BD37}.Release|ARM64.ActiveCfg = Release|ARM64
		{C71D1819-8DEC-4BCF-8374-18A8AB38BD37}.Release|ARM64.Build.0 = Release|ARM64
		{C71D1819-8DEC-4BCF-8374-18A8AB38BD37}.Release|x64.ActiveCfg = Release|x64
		{C71D1819-8DEC-4BCF-8374-18A8AB38BD37}.Release|x64.Build.0 = Release|x64
		{C71D1819-8DEC-4BCF-8374-18A8AB38BD37}.Release|x86.ActiveCfg = Release|x86
		{C71D1819-8DEC-4BCF-8374-18A8AB38BD37}.Release|x86.Build.0 = Release|x86
		{E425F32D-E7DA-44B3-9D9F-9FCEF68D7D41}.Debug|Any CPU.ActiveCfg = Debug|x86
		{E425F32D-E7DA-44B3-9D9F-9FCEF68D7D41}.Debug|ARM.ActiveCfg = Debug|ARM
		{E425F32D-E7DA-44B3-9D9F-9FCEF68D7D41}.Debug|ARM.Build.0 = Debug|ARM
		{E425F32D-E7DA-44B3-9D9F-9FCEF68D7D41}.Debug|ARM.Deploy.0 = Debug|ARM
		{E425F32D-E7DA-44B3-9D9F-9FCEF68D7D41}.Debug|ARM64.ActiveCfg = Debug|ARM64
		{E425F32D-E7DA-44B3-9D9F-9FCEF68D7D41}.Debug|ARM64.Build.0 = Debug|ARM64
		{E425F32D-E7DA-44B3-9D9F-9FCEF68D7D41}.Debug|ARM64.Deploy.0 = Debug|ARM64
		{E425F32D-E7DA-44B3-9D9F-9FCEF68D7D41}.Debug|x64.ActiveCfg = Debug|x64
		{E425F32D-E7DA-44B3-9D9F-9FCEF68D7D41}.Debug|x64.Build.0 = Debug|x64
		{E425F32D-E7DA-44B3-9D9F-9FCEF68D7D41}.Debug|x64.Deploy.0 = Debug|x64
		{E425F32D-E7DA-44B3-9D9F-9FCEF68D7D41}.Debug|x86.ActiveCfg = Debug|x86
		{E425F32D-E7DA-44B3-9D9F-9FCEF68D7D41}.Debug|x86.Build.0 = Debug|x86
		{E425F32D-E7DA-44B3-9D9F-9FCEF68D7D41}.Debug|x86.Deploy.0 = Debug|x86
		{E425F32D-E7DA-44B3-9D9F-9FCEF68D7D41}.Release|Any CPU.ActiveCfg = Release|x86
		{E425F32D-E7DA-44B3-9D9F-9FCEF68D7D41}.Release|ARM.ActiveCfg = Release|ARM
		{E425F32D-E7DA-44B3-9D9F-9FCEF68D7D41}.Release|ARM.Build.0 = Release|ARM
		{E425F32D-E7DA-44B3-9D9F-9FCEF68D7D41}.Release|ARM.Deploy.0 = Release|ARM
		{E425F32D-E7DA-44B3-9D9F-9FCEF68D7D41}.Release|ARM64.ActiveCfg = Release|ARM64
		{E425F32D-E7DA-44B3-9D9F-9FCEF68D7D41}.Release|ARM64.Build.0 = Release|ARM64
		{E425F32D-E7DA-44B3-9D9F-9FCEF68D7D41}.Release|ARM64.Deploy.0 = Release|ARM64
		{E425F32D-E7DA-44B3-9D9F-9FCEF68D7D41}.Release|x64.ActiveCfg = Release|x64
		{E425F32D-E7DA-44B3-9D9F-9FCEF68D7D41}.Release|x64.Build.0 = Release|x64
		{E425F32D-E7DA-44B3-9D9F-9FCEF68D7D41}.Release|x64.Deploy.0 = Release|x64
		{E425F32D-E7DA-44B3-9D9F-9FCEF68D7D41}.Release|x86.ActiveCfg = Release|x86
		{E425F32D-E7DA-44B3-9D9F-9FCEF68D7D41}.Release|x86.Build.0 = Release|x86
		{E425F32D-E7DA-44B3-9D9F-9FCEF68D7D41}.Release|x86.Deploy.0 = Release|x86
	EndGlobalSection
	GlobalSection(SolutionProperties) = preSolution
		HideSolutionNode = FALSE
	EndGlobalSection
	GlobalSection(NestedProjects) = preSolution
		{6C150588-74F5-4C15-89F6-A51712F06969} = {1120ABFF-052F-486B-9184-7424695DC847}
		{5126E1A8-3163-4241-A387-118C64DC2C00} = {1120ABFF-052F-486B-9184-7424695DC847}
		{C71D1819-8DEC-4BCF-8374-18A8AB38BD37} = {1120ABFF-052F-486B-9184-7424695DC847}
	EndGlobalSection
	GlobalSection(ExtensibilityGlobals) = postSolution
		SolutionGuid = {E3E357E1-6291-48D6-A60E-120C6AEA6760}
	EndGlobalSection
EndGlobal
