
Microsoft Visual Studio Solution File, Format Version 12.00
# Visual Studio Version 16
VisualStudioVersion = 16.0.29006.145
MinimumVisualStudioVersion = 10.0.40219.1
Project("{9A19103F-16F7-4668-BE54-9A1E7A4F7556}") = "ClassLibrary3", "ClassLibrary3.csproj", "{5E59D31D-2D80-415B-A125-5C4B9A505DC2}"
EndProject
Global
	GlobalSection(SolutionConfigurationPlatforms) = preSolution
		Debug|Any CPU = Debug|Any CPU
		Release|Any CPU = Release|Any CPU
	EndGlobalSection
	GlobalSection(ProjectConfigurationPlatforms) = postSolution
		{5E59D31D-2D80-415B-A125-5C4B9A505DC2}.Debug|Any CPU.ActiveCfg = Debug|Any CPU
		{5E59D31D-2D80-415B-A125-5C4B9A505DC2}.Debug|Any CPU.Build.0 = Debug|Any CPU
		{5E59D31D-2D80-415B-A125-5C4B9A505DC2}.Release|Any CPU.ActiveCfg = Release|Any CPU
		{5E59D31D-2D80-415B-A125-5C4B9A505DC2}.Release|Any CPU.Build.0 = Release|Any CPU
	EndGlobalSection
	GlobalSection(SolutionProperties) = preSolution
		HideSolutionNode = FALSE
	EndGlobalSection
	GlobalSection(ExtensibilityGlobals) = postSolution
		SolutionGuid = {9DE61084-0E53-4689-B914-E2EE2075CED6}
	EndGlobalSection
EndGlobal
